
Microsoft Visual Studio Solution File, Format Version 12.00
# Visual Studio Version 17
VisualStudioVersion = 17.10.35013.160
MinimumVisualStudioVersion = 10.0.40219.1
Project("{FAE04EC0-301F-11D3-BF4B-00C04F79EFBC}") = "DoTheRitualsYourselves", "DoTheRitualsYourselves\DoTheRitualsYourselves.csproj", "{B33AA566-B049-487C-B509-D246FCCD6ACE}"
EndProject
Global
	GlobalSection(SolutionConfigurationPlatforms) = preSolution
		Debug|Any CPU = Debug|Any CPU
		Release|Any CPU = Release|Any CPU
	EndGlobalSection
	GlobalSection(ProjectConfigurationPlatforms) = postSolution
		{B33AA566-B049-487C-B509-D246FCCD6ACE}.Debug|Any CPU.ActiveCfg = Debug|Any CPU
		{B33AA566-B049-487C-B509-D246FCCD6ACE}.Debug|Any CPU.Build.0 = Debug|Any CPU
		{B33AA566-B049-487C-B509-D246FCCD6ACE}.Release|Any CPU.ActiveCfg = Release|Any CPU
		{B33AA566-B049-487C-B509-D246FCCD6ACE}.Release|Any CPU.Build.0 = Release|Any CPU
	EndGlobalSection
	GlobalSection(SolutionProperties) = preSolution
		HideSolutionNode = FALSE
	EndGlobalSection
	GlobalSection(ExtensibilityGlobals) = postSolution
		SolutionGuid = {4CC8E640-B991-48FD-8B00-9D51F1458F70}
	EndGlobalSection
EndGlobal
